{
  "name": "@thymesave/translations",
  "version": "0.0.1",
  "lockfileVersion": 2,
  "requires": true,
  "packages": {
    "": {
      "name": "@thymesave/translations",
      "version": "0.0.1",
      "dependencies": {
        "string-similarity": "^4.0.4",
        "tslib": "^2.3.0"
      },
      "devDependencies": {
        "@types/node": "^16.11.10"
      }
    },
    "node_modules/@types/node": {
      "version": "16.11.14",
      "resolved": "https://registry.npmjs.org/@types/node/-/node-16.11.14.tgz",
      "integrity": "sha512-mK6BKLpL0bG6v2CxHbm0ed6RcZrAtTHBTd/ZpnlVPVa3HkumsqLE4BC4u6TQ8D7pnrRbOU0am6epuALs+Ncnzw==",
      "dev": true
    },
    "node_modules/string-similarity": {
      "version": "4.0.4",
      "resolved": "https://registry.npmjs.org/string-similarity/-/string-similarity-4.0.4.tgz",
      "integrity": "sha512-/q/8Q4Bl4ZKAPjj8WerIBJWALKkaPRfrvhfF8k/B23i4nzrlRj2/go1m90In7nG/3XDSbOo0+pu6RvCTM9RGMQ=="
    },
    "node_modules/tslib": {
      "version": "2.3.1",
      "resolved": "https://registry.npmjs.org/tslib/-/tslib-2.3.1.tgz",
      "integrity": "sha512-77EbyPPpMz+FRFRuAFlWMtmgUWGe9UOG2Z25NqCwiIjRhOf5iKGuzSe5P2w1laq+FkRy4p+PCuVkJSGkzTEKVw=="
    }
  },
  "dependencies": {
    "@types/node": {
      "version": "16.11.14",
      "resolved": "https://registry.npmjs.org/@types/node/-/node-16.11.14.tgz",
      "integrity": "sha512-mK6BKLpL0bG6v2CxHbm0ed6RcZrAtTHBTd/ZpnlVPVa3HkumsqLE4BC4u6TQ8D7pnrRbOU0am6epuALs+Ncnzw==",
      "dev": true
    },
    "string-similarity": {
      "version": "4.0.4",
      "resolved": "https://registry.npmjs.org/string-similarity/-/string-similarity-4.0.4.tgz",
      "integrity": "sha512-/q/8Q4Bl4ZKAPjj8WerIBJWALKkaPRfrvhfF8k/B23i4nzrlRj2/go1m90In7nG/3XDSbOo0+pu6RvCTM9RGMQ=="
    },
    "tslib": {
      "version": "2.3.1",
      "resolved": "https://registry.npmjs.org/tslib/-/tslib-2.3.1.tgz",
      "integrity": "sha512-77EbyPPpMz+FRFRuAFlWMtmgUWGe9UOG2Z25NqCwiIjRhOf5iKGuzSe5P2w1laq+FkRy4p+PCuVkJSGkzTEKVw=="
    }
  }
}
