{
  "name": "@thymesave/ingredients",
  "version": "0.0.1",
  "lockfileVersion": 2,
  "requires": true,
  "packages": {
    "": {
      "name": "@thymesave/ingredients",
      "version": "0.0.1",
      "dependencies": {
        "tslib": "2.6.1"
      },
      "devDependencies": {
        "@types/node": "16.11.62"
      }
    },
    "node_modules/@types/node": {
      "version": "16.11.62",
      "resolved": "https://registry.npmjs.org/@types/node/-/node-16.11.62.tgz",
      "integrity": "sha512-K/ggecSdwAAy2NUW4WKmF4Rc03GKbsfP+k326UWgckoS+Rzd2PaWbjk76dSmqdLQvLTJAO9axiTUJ6488mFsYQ==",
      "dev": true
    },
    "node_modules/tslib": {
      "version": "2.6.1",
      "resolved": "https://registry.npmjs.org/tslib/-/tslib-2.6.1.tgz",
      "integrity": "sha512-t0hLfiEKfMUoqhG+U1oid7Pva4bbDPHYfJNiB7BiIjRkj1pyC++4N3huJfqY6aRH6VTB0rvtzQwjM4K6qpfOig=="
    }
  },
  "dependencies": {
    "@types/node": {
      "version": "16.11.62",
      "resolved": "https://registry.npmjs.org/@types/node/-/node-16.11.62.tgz",
      "integrity": "sha512-K/ggecSdwAAy2NUW4WKmF4Rc03GKbsfP+k326UWgckoS+Rzd2PaWbjk76dSmqdLQvLTJAO9axiTUJ6488mFsYQ==",
      "dev": true
    },
    "tslib": {
      "version": "2.6.1",
      "resolved": "https://registry.npmjs.org/tslib/-/tslib-2.6.1.tgz",
      "integrity": "sha512-t0hLfiEKfMUoqhG+U1oid7Pva4bbDPHYfJNiB7BiIjRkj1pyC++4N3huJfqY6aRH6VTB0rvtzQwjM4K6qpfOig=="
    }
  }
}
