{
  "name": "@thymesave/ingredients",
  "version": "0.0.1",
  "lockfileVersion": 2,
  "requires": true,
  "packages": {
    "": {
      "name": "@thymesave/ingredients",
      "version": "0.0.1",
      "dependencies": {
        "tslib": "^2.4.0"
      },
      "devDependencies": {
        "@types/node": "^16.11.32"
      }
    },
    "node_modules/@types/node": {
      "version": "16.11.32",
      "resolved": "https://registry.npmjs.org/@types/node/-/node-16.11.32.tgz",
      "integrity": "sha512-+fnfNvG5JQdC1uGZiTx+0QVtoOHcggy6+epx65JYroPGsE1uhp+vo5kioiGKsAkor6ocwHteU2EvO7N8vtOZtA==",
      "dev": true
    },
    "node_modules/tslib": {
      "version": "2.4.0",
      "resolved": "https://registry.npmjs.org/tslib/-/tslib-2.4.0.tgz",
      "integrity": "sha512-d6xOpEDfsi2CZVlPQzGeux8XMwLT9hssAsaPYExaQMuYskwb+x1x7J371tWlbBdWHroy99KnVB6qIkUbs5X3UQ=="
    }
  },
  "dependencies": {
    "@types/node": {
      "version": "16.11.32",
      "resolved": "https://registry.npmjs.org/@types/node/-/node-16.11.32.tgz",
      "integrity": "sha512-+fnfNvG5JQdC1uGZiTx+0QVtoOHcggy6+epx65JYroPGsE1uhp+vo5kioiGKsAkor6ocwHteU2EvO7N8vtOZtA==",
      "dev": true
    },
    "tslib": {
      "version": "2.4.0",
      "resolved": "https://registry.npmjs.org/tslib/-/tslib-2.4.0.tgz",
      "integrity": "sha512-d6xOpEDfsi2CZVlPQzGeux8XMwLT9hssAsaPYExaQMuYskwb+x1x7J371tWlbBdWHroy99KnVB6qIkUbs5X3UQ=="
    }
  }
}
