{
  "name": "@thymesave/ingredients",
  "version": "0.0.1",
  "lockfileVersion": 2,
  "requires": true,
  "packages": {
    "": {
      "name": "@thymesave/ingredients",
      "version": "0.0.1",
      "dependencies": {
        "tslib": "2.5.2"
      },
      "devDependencies": {
        "@types/node": "16.11.62"
      }
    },
    "node_modules/@types/node": {
      "version": "16.11.62",
      "resolved": "https://registry.npmjs.org/@types/node/-/node-16.11.62.tgz",
      "integrity": "sha512-K/ggecSdwAAy2NUW4WKmF4Rc03GKbsfP+k326UWgckoS+Rzd2PaWbjk76dSmqdLQvLTJAO9axiTUJ6488mFsYQ==",
      "dev": true
    },
    "node_modules/tslib": {
      "version": "2.5.2",
      "resolved": "https://registry.npmjs.org/tslib/-/tslib-2.5.2.tgz",
      "integrity": "sha512-5svOrSA2w3iGFDs1HibEVBGbDrAY82bFQ3HZ3ixB+88nsbsWQoKqDRb5UBYAUPEzbBn6dAp5gRNXglySbx1MlA=="
    }
  },
  "dependencies": {
    "@types/node": {
      "version": "16.11.62",
      "resolved": "https://registry.npmjs.org/@types/node/-/node-16.11.62.tgz",
      "integrity": "sha512-K/ggecSdwAAy2NUW4WKmF4Rc03GKbsfP+k326UWgckoS+Rzd2PaWbjk76dSmqdLQvLTJAO9axiTUJ6488mFsYQ==",
      "dev": true
    },
    "tslib": {
      "version": "2.5.2",
      "resolved": "https://registry.npmjs.org/tslib/-/tslib-2.5.2.tgz",
      "integrity": "sha512-5svOrSA2w3iGFDs1HibEVBGbDrAY82bFQ3HZ3ixB+88nsbsWQoKqDRb5UBYAUPEzbBn6dAp5gRNXglySbx1MlA=="
    }
  }
}
